
Microsoft Visual Studio Solution File, Format Version 12.00
# Visual Studio Version 17
VisualStudioVersion = 17.0.32014.148
MinimumVisualStudioVersion = 10.0.40219.1
Project("{9A19103F-16F7-4668-BE54-9A1E7A4F7556}") = "Module2", "Module2\Module2.csproj", "{52D3A610-BC11-4B69-BE29-28E54608C385}"
EndProject
Project("{9A19103F-16F7-4668-BE54-9A1E7A4F7556}") = "Module2.Tests", "Module2.Tests\Module2.Tests.csproj", "{DDF4ADCE-F403-4380-9B9D-EFF954BDBE99}"
EndProject
Project("{9A19103F-16F7-4668-BE54-9A1E7A4F7556}") = "Module3", "Module3\Module3.csproj", "{A0392ABB-BB08-4100-B809-B219CBAD4F38}"
EndProject
Project("{9A19103F-16F7-4668-BE54-9A1E7A4F7556}") = "Module3.Tests", "Module3.Tests\Module3.Tests.csproj", "{BB0116B2-D1A2-4115-BF59-4B24BC1B025C}"
EndProject
Project("{FAE04EC0-301F-11D3-BF4B-00C04F79EFBC}") = "HelperMethods", "HelperMethods\HelperMethods.csproj", "{C0DA35A0-BEAF-49BC-B9A0-C11CC0C26387}"
EndProject
Project("{9A19103F-16F7-4668-BE54-9A1E7A4F7556}") = "Module4", "Module4\Module4.csproj", "{0229225C-9518-4E5C-93FA-6E579F4B3CB4}"
EndProject
Project("{FAE04EC0-301F-11D3-BF4B-00C04F79EFBC}") = "Module4.Tests", "Module4.Tests\Module4.Tests.csproj", "{432EB2EE-7B79-4874-A5B5-2CE44C2A486E}"
EndProject
Global
	GlobalSection(SolutionConfigurationPlatforms) = preSolution
		Debug|Any CPU = Debug|Any CPU
		Release|Any CPU = Release|Any CPU
	EndGlobalSection
	GlobalSection(ProjectConfigurationPlatforms) = postSolution
		{52D3A610-BC11-4B69-BE29-28E54608C385}.Debug|Any CPU.ActiveCfg = Debug|Any CPU
		{52D3A610-BC11-4B69-BE29-28E54608C385}.Debug|Any CPU.Build.0 = Debug|Any CPU
		{52D3A610-BC11-4B69-BE29-28E54608C385}.Release|Any CPU.ActiveCfg = Release|Any CPU
		{52D3A610-BC11-4B69-BE29-28E54608C385}.Release|Any CPU.Build.0 = Release|Any CPU
		{DDF4ADCE-F403-4380-9B9D-EFF954BDBE99}.Debug|Any CPU.ActiveCfg = Debug|Any CPU
		{DDF4ADCE-F403-4380-9B9D-EFF954BDBE99}.Debug|Any CPU.Build.0 = Debug|Any CPU
		{DDF4ADCE-F403-4380-9B9D-EFF954BDBE99}.Release|Any CPU.ActiveCfg = Release|Any CPU
		{DDF4ADCE-F403-4380-9B9D-EFF954BDBE99}.Release|Any CPU.Build.0 = Release|Any CPU
		{A0392ABB-BB08-4100-B809-B219CBAD4F38}.Debug|Any CPU.ActiveCfg = Debug|Any CPU
		{A0392ABB-BB08-4100-B809-B219CBAD4F38}.Debug|Any CPU.Build.0 = Debug|Any CPU
		{A0392ABB-BB08-4100-B809-B219CBAD4F38}.Release|Any CPU.ActiveCfg = Release|Any CPU
		{A0392ABB-BB08-4100-B809-B219CBAD4F38}.Release|Any CPU.Build.0 = Release|Any CPU
		{BB0116B2-D1A2-4115-BF59-4B24BC1B025C}.Debug|Any CPU.ActiveCfg = Debug|Any CPU
		{BB0116B2-D1A2-4115-BF59-4B24BC1B025C}.Debug|Any CPU.Build.0 = Debug|Any CPU
		{BB0116B2-D1A2-4115-BF59-4B24BC1B025C}.Release|Any CPU.ActiveCfg = Release|Any CPU
		{BB0116B2-D1A2-4115-BF59-4B24BC1B025C}.Release|Any CPU.Build.0 = Release|Any CPU
		{C0DA35A0-BEAF-49BC-B9A0-C11CC0C26387}.Debug|Any CPU.ActiveCfg = Debug|Any CPU
		{C0DA35A0-BEAF-49BC-B9A0-C11CC0C26387}.Debug|Any CPU.Build.0 = Debug|Any CPU
		{C0DA35A0-BEAF-49BC-B9A0-C11CC0C26387}.Release|Any CPU.ActiveCfg = Release|Any CPU
		{C0DA35A0-BEAF-49BC-B9A0-C11CC0C26387}.Release|Any CPU.Build.0 = Release|Any CPU
		{0229225C-9518-4E5C-93FA-6E579F4B3CB4}.Debug|Any CPU.ActiveCfg = Debug|Any CPU
		{0229225C-9518-4E5C-93FA-6E579F4B3CB4}.Debug|Any CPU.Build.0 = Debug|Any CPU
		{0229225C-9518-4E5C-93FA-6E579F4B3CB4}.Release|Any CPU.ActiveCfg = Release|Any CPU
		{0229225C-9518-4E5C-93FA-6E579F4B3CB4}.Release|Any CPU.Build.0 = Release|Any CPU
		{432EB2EE-7B79-4874-A5B5-2CE44C2A486E}.Debug|Any CPU.ActiveCfg = Debug|Any CPU
		{432EB2EE-7B79-4874-A5B5-2CE44C2A486E}.Debug|Any CPU.Build.0 = Debug|Any CPU
		{432EB2EE-7B79-4874-A5B5-2CE44C2A486E}.Release|Any CPU.ActiveCfg = Release|Any CPU
		{432EB2EE-7B79-4874-A5B5-2CE44C2A486E}.Release|Any CPU.Build.0 = Release|Any CPU
	EndGlobalSection
	GlobalSection(SolutionProperties) = preSolution
		HideSolutionNode = FALSE
	EndGlobalSection
	GlobalSection(ExtensibilityGlobals) = postSolution
		SolutionGuid = {BD95C6DE-2E15-427C-8E43-A9E058AEDED3}
	EndGlobalSection
EndGlobal
